
Microsoft Visual Studio Solution File, Format Version 12.00
# Visual Studio Version 17
VisualStudioVersion = 17.10.34902.84
MinimumVisualStudioVersion = 10.0.40219.1
Project("{FAE04EC0-301F-11D3-BF4B-00C04F79EFBC}") = "PasswordHashedDemo_DotNetAPI", "PasswordHashedDemo_DotNetAPI\PasswordHashedDemo_DotNetAPI.csproj", "{EA7BE496-565E-459E-AD53-EF7FC8BC652E}"
EndProject
Global
	GlobalSection(SolutionConfigurationPlatforms) = preSolution
		Debug|Any CPU = Debug|Any CPU
		Release|Any CPU = Release|Any CPU
	EndGlobalSection
	GlobalSection(ProjectConfigurationPlatforms) = postSolution
		{EA7BE496-565E-459E-AD53-EF7FC8BC652E}.Debug|Any CPU.ActiveCfg = Debug|Any CPU
		{EA7BE496-565E-459E-AD53-EF7FC8BC652E}.Debug|Any CPU.Build.0 = Debug|Any CPU
		{EA7BE496-565E-459E-AD53-EF7FC8BC652E}.Release|Any CPU.ActiveCfg = Release|Any CPU
		{EA7BE496-565E-459E-AD53-EF7FC8BC652E}.Release|Any CPU.Build.0 = Release|Any CPU
	EndGlobalSection
	GlobalSection(SolutionProperties) = preSolution
		HideSolutionNode = FALSE
	EndGlobalSection
	GlobalSection(ExtensibilityGlobals) = postSolution
		SolutionGuid = {2A7C3ADA-F55B-4222-91CB-615A79D8D200}
	EndGlobalSection
EndGlobal
